PODS:
  - AFNetworking (3.1.0):
    - AFNetworking/NSURLSession (= 3.1.0)
    - AFNetworking/Reachability (= 3.1.0)
    - AFNetworking/Security (= 3.1.0)
    - AFNetworking/Serialization (= 3.1.0)
    - AFNetworking/UIKit (= 3.1.0)
  - AFNetworking/NSURLSession (3.1.0):
    - AFNetworking/Reachability
    - AFNetworking/Security
    - AFNetworking/Serialization
  - AFNetworking/Reachability (3.1.0)
  - AFNetworking/Security (3.1.0)
  - AFNetworking/Serialization (3.1.0)
  - AFNetworking/UIKit (3.1.0):
    - AFNetworking/NSURLSession
  - MJRefresh (1.4.7)
  - PureLayout (2.0.6)
  - SVProgressHUD (2.1.2)
  - YYModel (1.0.4)

DEPENDENCIES:
  - AFNetworking (~> 3.1.0)
  - MJRefresh (~> 1.4.7)
  - PureLayout (~> 2.0.6)
  - SVProgressHUD (~> 2.1.2)
  - YYModel (~> 1.0.4)

SPEC CHECKSUMS:
  AFNetworking: 5e0e199f73d8626b11e79750991f5d173d1f8b67
  MJRefresh: 6b140993028fa30f1fcb88e82925a7c7911415cf
  PureLayout: f25f0bb904d5ccfe6e31da3cb869185259f02e0d
  SVProgressHUD: c404a55d78acbeb7ebb78b76d3faf986475a6994
  YYModel: 2a7fdd96aaa4b86a824e26d0c517de8928c04b30

PODFILE CHECKSUM: 033984ab2658eccfb9322cf0e59e8dfad131473f

COCOAPODS: 1.2.1
